
Microsoft Visual Studio Solution File, Format Version 12.00
# Visual Studio 15
Project("{FAE04EC0-301F-11D3-BF4B-00C04F79EFBC}") = "Unity.Timeline", "Unity.Timeline.csproj", "{A494ABFB-950E-D3AB-6E49-4EBC09C91936}"
EndProject
Project("{FAE04EC0-301F-11D3-BF4B-00C04F79EFBC}") = "Unity.Timeline.Editor", "Unity.Timeline.Editor.csproj", "{EED1BC14-B6F9-FC10-5CE1-CDCA0CE00B0F}"
EndProject
Project("{FAE04EC0-301F-11D3-BF4B-00C04F79EFBC}") = "Unity.TextMeshPro.Editor", "Unity.TextMeshPro.Editor.csproj", "{5DFB5FD2-C6C0-4077-510F-A167BF24A0F3}"
EndProject
Project("{FAE04EC0-301F-11D3-BF4B-00C04F79EFBC}") = "Unity.VisualScripting.Flow", "Unity.VisualScripting.Flow.csproj", "{3B26A865-7418-A19E-C5DE-60D905E395CF}"
EndProject
Project("{FAE04EC0-301F-11D3-BF4B-00C04F79EFBC}") = "UnityEditor.UI", "UnityEditor.UI.csproj", "{9B2945D7-421A-5CFE-5FB8-C0CB3439C8F2}"
EndProject
Project("{FAE04EC0-301F-11D3-BF4B-00C04F79EFBC}") = "Unity.ProBuilder", "Unity.ProBuilder.csproj", "{3D80F360-7D8C-A980-1705-0E9E6D31D459}"
EndProject
Project("{FAE04EC0-301F-11D3-BF4B-00C04F79EFBC}") = "Unity.PlasticSCM.Editor", "Unity.PlasticSCM.Editor.csproj", "{BEC582E1-C4F5-64A4-15DB-DF8DD21E5666}"
EndProject
Project("{FAE04EC0-301F-11D3-BF4B-00C04F79EFBC}") = "Unity.ProBuilder.Editor", "Unity.ProBuilder.Editor.csproj", "{00225FC8-E028-8657-81F0-31E5EA0FCC44}"
EndProject
Project("{FAE04EC0-301F-11D3-BF4B-00C04F79EFBC}") = "Unity.VisualScripting.Core", "Unity.VisualScripting.Core.csproj", "{DE53AD28-3E41-56E8-8F19-6D4913124FA0}"
EndProject
Project("{FAE04EC0-301F-11D3-BF4B-00C04F79EFBC}") = "Cinemachine", "Cinemachine.csproj", "{C3A911B5-9A30-1BC0-0FEA-54A450D93CD3}"
EndProject
Project("{FAE04EC0-301F-11D3-BF4B-00C04F79EFBC}") = "Unity.VisualScripting.Core.Editor", "Unity.VisualScripting.Core.Editor.csproj", "{B7AB0525-B90B-0517-8C9C-5DA6BCBF167C}"
EndProject
Project("{FAE04EC0-301F-11D3-BF4B-00C04F79EFBC}") = "Unity.VisualScripting.Flow.Editor", "Unity.VisualScripting.Flow.Editor.csproj", "{1978B8C2-CA0E-3C90-C890-FA6A472CC8DE}"
EndProject
Project("{FAE04EC0-301F-11D3-BF4B-00C04F79EFBC}") = "UnityEditor.TestRunner", "UnityEditor.TestRunner.csproj", "{B57BD3BC-4DFA-7A0B-8C4F-5F1ABEAA6BF4}"
EndProject
Project("{FAE04EC0-301F-11D3-BF4B-00C04F79EFBC}") = "Unity.ProBuilder.Poly2Tri", "Unity.ProBuilder.Poly2Tri.csproj", "{65223EAB-9787-AD75-B19E-3CFFFFAAFA2A}"
EndProject
Project("{FAE04EC0-301F-11D3-BF4B-00C04F79EFBC}") = "Unity.VisualScripting.SettingsProvider.Editor", "Unity.VisualScripting.SettingsProvider.Editor.csproj", "{03C0D554-D4B0-ADAE-B92B-8B809CDC4C52}"
EndProject
Project("{FAE04EC0-301F-11D3-BF4B-00C04F79EFBC}") = "UnityEngine.TestRunner", "UnityEngine.TestRunner.csproj", "{EB067E7F-7941-043B-0BFE-B5EB26DFAD15}"
EndProject
Project("{FAE04EC0-301F-11D3-BF4B-00C04F79EFBC}") = "UnityEngine.UI", "UnityEngine.UI.csproj", "{9DEF60DA-66B5-D769-223B-0B8C6A73E81D}"
EndProject
Project("{FAE04EC0-301F-11D3-BF4B-00C04F79EFBC}") = "Unity.ProBuilder.Csg", "Unity.ProBuilder.Csg.csproj", "{F585B77F-84A5-0414-7D6A-818C588B1313}"
EndProject
Project("{FAE04EC0-301F-11D3-BF4B-00C04F79EFBC}") = "Unity.VisualStudio.Editor", "Unity.VisualStudio.Editor.csproj", "{018B6F31-2FA4-3E2C-2DDC-CC51AB51D696}"
EndProject
Project("{FAE04EC0-301F-11D3-BF4B-00C04F79EFBC}") = "com.unity.cinemachine.editor", "com.unity.cinemachine.editor.csproj", "{76EFE86B-221F-A567-E6EB-BB24B0DE22F8}"
EndProject
Project("{FAE04EC0-301F-11D3-BF4B-00C04F79EFBC}") = "Assembly-CSharp", "Assembly-CSharp.csproj", "{B7FD25C5-98AF-110F-E177-2407CF7B03C6}"
EndProject
Project("{FAE04EC0-301F-11D3-BF4B-00C04F79EFBC}") = "Unity.TestTools.CodeCoverage.Editor.OpenCover.Model", "Unity.TestTools.CodeCoverage.Editor.OpenCover.Model.csproj", "{8023805C-9FE6-8685-6EE8-939CAE248D27}"
EndProject
Project("{FAE04EC0-301F-11D3-BF4B-00C04F79EFBC}") = "Unity.Rider.Editor", "Unity.Rider.Editor.csproj", "{82FFB528-BFBB-C4CB-3670-B4464997F2D6}"
EndProject
Project("{FAE04EC0-301F-11D3-BF4B-00C04F79EFBC}") = "Unity.VisualScripting.State.Editor", "Unity.VisualScripting.State.Editor.csproj", "{4D34E28B-642C-3004-BB08-2B7B3E6DB370}"
EndProject
Project("{FAE04EC0-301F-11D3-BF4B-00C04F79EFBC}") = "Unity.TestTools.CodeCoverage.Editor", "Unity.TestTools.CodeCoverage.Editor.csproj", "{454FB2FB-7A6F-54D6-3769-B484F90CFAD7}"
EndProject
Project("{FAE04EC0-301F-11D3-BF4B-00C04F79EFBC}") = "Unity.VisualScripting.State", "Unity.VisualScripting.State.csproj", "{61059416-BDDA-903B-1788-E3D0626E2918}"
EndProject
Project("{FAE04EC0-301F-11D3-BF4B-00C04F79EFBC}") = "Unity.TextMeshPro", "Unity.TextMeshPro.csproj", "{6ECFE8AC-1743-FD3B-142A-20F977138955}"
EndProject
Project("{FAE04EC0-301F-11D3-BF4B-00C04F79EFBC}") = "Unity.Performance.Profile-Analyzer.Editor", "Unity.Performance.Profile-Analyzer.Editor.csproj", "{A1F766AC-91D8-9AFE-5D51-B1AB79071B0A}"
EndProject
Project("{FAE04EC0-301F-11D3-BF4B-00C04F79EFBC}") = "Unity.VSCode.Editor", "Unity.VSCode.Editor.csproj", "{DFE57B19-E31B-F6BF-1332-FC486B0DB8AB}"
EndProject
Project("{FAE04EC0-301F-11D3-BF4B-00C04F79EFBC}") = "Unity.TestTools.CodeCoverage.Editor.OpenCover.Mono.Reflection", "Unity.TestTools.CodeCoverage.Editor.OpenCover.Mono.Reflection.csproj", "{B3C591DC-336D-8D27-F2D0-CF2E38A4068D}"
EndProject
Project("{FAE04EC0-301F-11D3-BF4B-00C04F79EFBC}") = "Unity.ProBuilder.Stl", "Unity.ProBuilder.Stl.csproj", "{EAC38F9F-F831-A6BE-640E-88DC29EAB72D}"
EndProject
Project("{FAE04EC0-301F-11D3-BF4B-00C04F79EFBC}") = "Unity.Settings.Editor", "Unity.Settings.Editor.csproj", "{83FE4976-A830-F49C-2186-288CCB49BB48}"
EndProject
Project("{FAE04EC0-301F-11D3-BF4B-00C04F79EFBC}") = "Unity.ProBuilder.AssetIdRemapUtility", "Unity.ProBuilder.AssetIdRemapUtility.csproj", "{90437904-3498-EAD7-D50B-60FF4F33427D}"
EndProject
Project("{FAE04EC0-301F-11D3-BF4B-00C04F79EFBC}") = "Unity.ProBuilder.KdTree", "Unity.ProBuilder.KdTree.csproj", "{D5E38F20-75B5-5192-3CFA-AC159C0C0EB1}"
EndProject
Project("{FAE04EC0-301F-11D3-BF4B-00C04F79EFBC}") = "Unity.ProBuilder.AddOns.Editor", "Unity.ProBuilder.AddOns.Editor.csproj", "{278E0DD9-0FCA-B0B0-DBA2-F36A46C04BEE}"
EndProject
Project("{FAE04EC0-301F-11D3-BF4B-00C04F79EFBC}") = "Unity.EditorCoroutines.Editor", "Unity.EditorCoroutines.Editor.csproj", "{D4ACC7F4-B02F-4772-45B2-6F4D78901536}"
EndProject
Project("{FAE04EC0-301F-11D3-BF4B-00C04F79EFBC}") = "Unity.VisualScripting.Shared.Editor", "Unity.VisualScripting.Shared.Editor.csproj", "{60D914F5-EF1D-5328-0793-5A1445759E26}"
EndProject
Project("{FAE04EC0-301F-11D3-BF4B-00C04F79EFBC}") = "Unity.CollabProxy.Editor", "Unity.CollabProxy.Editor.csproj", "{ECE01AAE-6252-956C-0DEF-9894AF7DD0D1}"
EndProject
Global
	GlobalSection(SolutionConfigurationPlatforms) = preSolution
		Debug|Any CPU = Debug|Any CPU
		Release|Any CPU = Release|Any CPU
	EndGlobalSection
	GlobalSection(ProjectConfigurationPlatforms) = postSolution
		{A494ABFB-950E-D3AB-6E49-4EBC09C91936}.Debug|Any CPU.ActiveCfg = Debug|Any CPU
		{A494ABFB-950E-D3AB-6E49-4EBC09C91936}.Debug|Any CPU.Build.0 = Debug|Any CPU
		{A494ABFB-950E-D3AB-6E49-4EBC09C91936}.Release|Any CPU.ActiveCfg = Release|Any CPU
		{A494ABFB-950E-D3AB-6E49-4EBC09C91936}.Release|Any CPU.Build.0 = Release|Any CPU
		{EED1BC14-B6F9-FC10-5CE1-CDCA0CE00B0F}.Debug|Any CPU.ActiveCfg = Debug|Any CPU
		{EED1BC14-B6F9-FC10-5CE1-CDCA0CE00B0F}.Debug|Any CPU.Build.0 = Debug|Any CPU
		{EED1BC14-B6F9-FC10-5CE1-CDCA0CE00B0F}.Release|Any CPU.ActiveCfg = Release|Any CPU
		{EED1BC14-B6F9-FC10-5CE1-CDCA0CE00B0F}.Release|Any CPU.Build.0 = Release|Any CPU
		{5DFB5FD2-C6C0-4077-510F-A167BF24A0F3}.Debug|Any CPU.ActiveCfg = Debug|Any CPU
		{5DFB5FD2-C6C0-4077-510F-A167BF24A0F3}.Debug|Any CPU.Build.0 = Debug|Any CPU
		{5DFB5FD2-C6C0-4077-510F-A167BF24A0F3}.Release|Any CPU.ActiveCfg = Release|Any CPU
		{5DFB5FD2-C6C0-4077-510F-A167BF24A0F3}.Release|Any CPU.Build.0 = Release|Any CPU
		{3B26A865-7418-A19E-C5DE-60D905E395CF}.Debug|Any CPU.ActiveCfg = Debug|Any CPU
		{3B26A865-7418-A19E-C5DE-60D905E395CF}.Debug|Any CPU.Build.0 = Debug|Any CPU
		{3B26A865-7418-A19E-C5DE-60D905E395CF}.Release|Any CPU.ActiveCfg = Release|Any CPU
		{3B26A865-7418-A19E-C5DE-60D905E395CF}.Release|Any CPU.Build.0 = Release|Any CPU
		{9B2945D7-421A-5CFE-5FB8-C0CB3439C8F2}.Debug|Any CPU.ActiveCfg = Debug|Any CPU
		{9B2945D7-421A-5CFE-5FB8-C0CB3439C8F2}.Debug|Any CPU.Build.0 = Debug|Any CPU
		{9B2945D7-421A-5CFE-5FB8-C0CB3439C8F2}.Release|Any CPU.ActiveCfg = Release|Any CPU
		{9B2945D7-421A-5CFE-5FB8-C0CB3439C8F2}.Release|Any CPU.Build.0 = Release|Any CPU
		{3D80F360-7D8C-A980-1705-0E9E6D31D459}.Debug|Any CPU.ActiveCfg = Debug|Any CPU
		{3D80F360-7D8C-A980-1705-0E9E6D31D459}.Debug|Any CPU.Build.0 = Debug|Any CPU
		{3D80F360-7D8C-A980-1705-0E9E6D31D459}.Release|Any CPU.ActiveCfg = Release|Any CPU
		{3D80F360-7D8C-A980-1705-0E9E6D31D459}.Release|Any CPU.Build.0 = Release|Any CPU
		{BEC582E1-C4F5-64A4-15DB-DF8DD21E5666}.Debug|Any CPU.ActiveCfg = Debug|Any CPU
		{BEC582E1-C4F5-64A4-15DB-DF8DD21E5666}.Debug|Any CPU.Build.0 = Debug|Any CPU
		{BEC582E1-C4F5-64A4-15DB-DF8DD21E5666}.Release|Any CPU.ActiveCfg = Release|Any CPU
		{BEC582E1-C4F5-64A4-15DB-DF8DD21E5666}.Release|Any CPU.Build.0 = Release|Any CPU
		{00225FC8-E028-8657-81F0-31E5EA0FCC44}.Debug|Any CPU.ActiveCfg = Debug|Any CPU
		{00225FC8-E028-8657-81F0-31E5EA0FCC44}.Debug|Any CPU.Build.0 = Debug|Any CPU
		{00225FC8-E028-8657-81F0-31E5EA0FCC44}.Release|Any CPU.ActiveCfg = Release|Any CPU
		{00225FC8-E028-8657-81F0-31E5EA0FCC44}.Release|Any CPU.Build.0 = Release|Any CPU
		{DE53AD28-3E41-56E8-8F19-6D4913124FA0}.Debug|Any CPU.ActiveCfg = Debug|Any CPU
		{DE53AD28-3E41-56E8-8F19-6D4913124FA0}.Debug|Any CPU.Build.0 = Debug|Any CPU
		{DE53AD28-3E41-56E8-8F19-6D4913124FA0}.Release|Any CPU.ActiveCfg = Release|Any CPU
		{DE53AD28-3E41-56E8-8F19-6D4913124FA0}.Release|Any CPU.Build.0 = Release|Any CPU
		{C3A911B5-9A30-1BC0-0FEA-54A450D93CD3}.Debug|Any CPU.ActiveCfg = Debug|Any CPU
		{C3A911B5-9A30-1BC0-0FEA-54A450D93CD3}.Debug|Any CPU.Build.0 = Debug|Any CPU
		{C3A911B5-9A30-1BC0-0FEA-54A450D93CD3}.Release|Any CPU.ActiveCfg = Release|Any CPU
		{C3A911B5-9A30-1BC0-0FEA-54A450D93CD3}.Release|Any CPU.Build.0 = Release|Any CPU
		{B7AB0525-B90B-0517-8C9C-5DA6BCBF167C}.Debug|Any CPU.ActiveCfg = Debug|Any CPU
		{B7AB0525-B90B-0517-8C9C-5DA6BCBF167C}.Debug|Any CPU.Build.0 = Debug|Any CPU
		{B7AB0525-B90B-0517-8C9C-5DA6BCBF167C}.Release|Any CPU.ActiveCfg = Release|Any CPU
		{B7AB0525-B90B-0517-8C9C-5DA6BCBF167C}.Release|Any CPU.Build.0 = Release|Any CPU
		{1978B8C2-CA0E-3C90-C890-FA6A472CC8DE}.Debug|Any CPU.ActiveCfg = Debug|Any CPU
		{1978B8C2-CA0E-3C90-C890-FA6A472CC8DE}.Debug|Any CPU.Build.0 = Debug|Any CPU
		{1978B8C2-CA0E-3C90-C890-FA6A472CC8DE}.Release|Any CPU.ActiveCfg = Release|Any CPU
		{1978B8C2-CA0E-3C90-C890-FA6A472CC8DE}.Release|Any CPU.Build.0 = Release|Any CPU
		{B57BD3BC-4DFA-7A0B-8C4F-5F1ABEAA6BF4}.Debug|Any CPU.ActiveCfg = Debug|Any CPU
		{B57BD3BC-4DFA-7A0B-8C4F-5F1ABEAA6BF4}.Debug|Any CPU.Build.0 = Debug|Any CPU
		{B57BD3BC-4DFA-7A0B-8C4F-5F1ABEAA6BF4}.Release|Any CPU.ActiveCfg = Release|Any CPU
		{B57BD3BC-4DFA-7A0B-8C4F-5F1ABEAA6BF4}.Release|Any CPU.Build.0 = Release|Any CPU
		{65223EAB-9787-AD75-B19E-3CFFFFAAFA2A}.Debug|Any CPU.ActiveCfg = Debug|Any CPU
		{65223EAB-9787-AD75-B19E-3CFFFFAAFA2A}.Debug|Any CPU.Build.0 = Debug|Any CPU
		{65223EAB-9787-AD75-B19E-3CFFFFAAFA2A}.Release|Any CPU.ActiveCfg = Release|Any CPU
		{65223EAB-9787-AD75-B19E-3CFFFFAAFA2A}.Release|Any CPU.Build.0 = Release|Any CPU
		{03C0D554-D4B0-ADAE-B92B-8B809CDC4C52}.Debug|Any CPU.ActiveCfg = Debug|Any CPU
		{03C0D554-D4B0-ADAE-B92B-8B809CDC4C52}.Debug|Any CPU.Build.0 = Debug|Any CPU
		{03C0D554-D4B0-ADAE-B92B-8B809CDC4C52}.Release|Any CPU.ActiveCfg = Release|Any CPU
		{03C0D554-D4B0-ADAE-B92B-8B809CDC4C52}.Release|Any CPU.Build.0 = Release|Any CPU
		{EB067E7F-7941-043B-0BFE-B5EB26DFAD15}.Debug|Any CPU.ActiveCfg = Debug|Any CPU
		{EB067E7F-7941-043B-0BFE-B5EB26DFAD15}.Debug|Any CPU.Build.0 = Debug|Any CPU
		{EB067E7F-7941-043B-0BFE-B5EB26DFAD15}.Release|Any CPU.ActiveCfg = Release|Any CPU
		{EB067E7F-7941-043B-0BFE-B5EB26DFAD15}.Release|Any CPU.Build.0 = Release|Any CPU
		{9DEF60DA-66B5-D769-223B-0B8C6A73E81D}.Debug|Any CPU.ActiveCfg = Debug|Any CPU
		{9DEF60DA-66B5-D769-223B-0B8C6A73E81D}.Debug|Any CPU.Build.0 = Debug|Any CPU
		{9DEF60DA-66B5-D769-223B-0B8C6A73E81D}.Release|Any CPU.ActiveCfg = Release|Any CPU
		{9DEF60DA-66B5-D769-223B-0B8C6A73E81D}.Release|Any CPU.Build.0 = Release|Any CPU
		{F585B77F-84A5-0414-7D6A-818C588B1313}.Debug|Any CPU.ActiveCfg = Debug|Any CPU
		{F585B77F-84A5-0414-7D6A-818C588B1313}.Debug|Any CPU.Build.0 = Debug|Any CPU
		{F585B77F-84A5-0414-7D6A-818C588B1313}.Release|Any CPU.ActiveCfg = Release|Any CPU
		{F585B77F-84A5-0414-7D6A-818C588B1313}.Release|Any CPU.Build.0 = Release|Any CPU
		{018B6F31-2FA4-3E2C-2DDC-CC51AB51D696}.Debug|Any CPU.ActiveCfg = Debug|Any CPU
		{018B6F31-2FA4-3E2C-2DDC-CC51AB51D696}.Debug|Any CPU.Build.0 = Debug|Any CPU
		{018B6F31-2FA4-3E2C-2DDC-CC51AB51D696}.Release|Any CPU.ActiveCfg = Release|Any CPU
		{018B6F31-2FA4-3E2C-2DDC-CC51AB51D696}.Release|Any CPU.Build.0 = Release|Any CPU
		{76EFE86B-221F-A567-E6EB-BB24B0DE22F8}.Debug|Any CPU.ActiveCfg = Debug|Any CPU
		{76EFE86B-221F-A567-E6EB-BB24B0DE22F8}.Debug|Any CPU.Build.0 = Debug|Any CPU
		{76EFE86B-221F-A567-E6EB-BB24B0DE22F8}.Release|Any CPU.ActiveCfg = Release|Any CPU
		{76EFE86B-221F-A567-E6EB-BB24B0DE22F8}.Release|Any CPU.Build.0 = Release|Any CPU
		{B7FD25C5-98AF-110F-E177-2407CF7B03C6}.Debug|Any CPU.ActiveCfg = Debug|Any CPU
		{B7FD25C5-98AF-110F-E177-2407CF7B03C6}.Debug|Any CPU.Build.0 = Debug|Any CPU
		{B7FD25C5-98AF-110F-E177-2407CF7B03C6}.Release|Any CPU.ActiveCfg = Release|Any CPU
		{B7FD25C5-98AF-110F-E177-2407CF7B03C6}.Release|Any CPU.Build.0 = Release|Any CPU
		{8023805C-9FE6-8685-6EE8-939CAE248D27}.Debug|Any CPU.ActiveCfg = Debug|Any CPU
		{8023805C-9FE6-8685-6EE8-939CAE248D27}.Debug|Any CPU.Build.0 = Debug|Any CPU
		{8023805C-9FE6-8685-6EE8-939CAE248D27}.Release|Any CPU.ActiveCfg = Release|Any CPU
		{8023805C-9FE6-8685-6EE8-939CAE248D27}.Release|Any CPU.Build.0 = Release|Any CPU
		{82FFB528-BFBB-C4CB-3670-B4464997F2D6}.Debug|Any CPU.ActiveCfg = Debug|Any CPU
		{82FFB528-BFBB-C4CB-3670-B4464997F2D6}.Debug|Any CPU.Build.0 = Debug|Any CPU
		{82FFB528-BFBB-C4CB-3670-B4464997F2D6}.Release|Any CPU.ActiveCfg = Release|Any CPU
		{82FFB528-BFBB-C4CB-3670-B4464997F2D6}.Release|Any CPU.Build.0 = Release|Any CPU
		{4D34E28B-642C-3004-BB08-2B7B3E6DB370}.Debug|Any CPU.ActiveCfg = Debug|Any CPU
		{4D34E28B-642C-3004-BB08-2B7B3E6DB370}.Debug|Any CPU.Build.0 = Debug|Any CPU
		{4D34E28B-642C-3004-BB08-2B7B3E6DB370}.Release|Any CPU.ActiveCfg = Release|Any CPU
		{4D34E28B-642C-3004-BB08-2B7B3E6DB370}.Release|Any CPU.Build.0 = Release|Any CPU
		{454FB2FB-7A6F-54D6-3769-B484F90CFAD7}.Debug|Any CPU.ActiveCfg = Debug|Any CPU
		{454FB2FB-7A6F-54D6-3769-B484F90CFAD7}.Debug|Any CPU.Build.0 = Debug|Any CPU
		{454FB2FB-7A6F-54D6-3769-B484F90CFAD7}.Release|Any CPU.ActiveCfg = Release|Any CPU
		{454FB2FB-7A6F-54D6-3769-B484F90CFAD7}.Release|Any CPU.Build.0 = Release|Any CPU
		{61059416-BDDA-903B-1788-E3D0626E2918}.Debug|Any CPU.ActiveCfg = Debug|Any CPU
		{61059416-BDDA-903B-1788-E3D0626E2918}.Debug|Any CPU.Build.0 = Debug|Any CPU
		{61059416-BDDA-903B-1788-E3D0626E2918}.Release|Any CPU.ActiveCfg = Release|Any CPU
		{61059416-BDDA-903B-1788-E3D0626E2918}.Release|Any CPU.Build.0 = Release|Any CPU
		{6ECFE8AC-1743-FD3B-142A-20F977138955}.Debug|Any CPU.ActiveCfg = Debug|Any CPU
		{6ECFE8AC-1743-FD3B-142A-20F977138955}.Debug|Any CPU.Build.0 = Debug|Any CPU
		{6ECFE8AC-1743-FD3B-142A-20F977138955}.Release|Any CPU.ActiveCfg = Release|Any CPU
		{6ECFE8AC-1743-FD3B-142A-20F977138955}.Release|Any CPU.Build.0 = Release|Any CPU
		{A1F766AC-91D8-9AFE-5D51-B1AB79071B0A}.Debug|Any CPU.ActiveCfg = Debug|Any CPU
		{A1F766AC-91D8-9AFE-5D51-B1AB79071B0A}.Debug|Any CPU.Build.0 = Debug|Any CPU
		{A1F766AC-91D8-9AFE-5D51-B1AB79071B0A}.Release|Any CPU.ActiveCfg = Release|Any CPU
		{A1F766AC-91D8-9AFE-5D51-B1AB79071B0A}.Release|Any CPU.Build.0 = Release|Any CPU
		{DFE57B19-E31B-F6BF-1332-FC486B0DB8AB}.Debug|Any CPU.ActiveCfg = Debug|Any CPU
		{DFE57B19-E31B-F6BF-1332-FC486B0DB8AB}.Debug|Any CPU.Build.0 = Debug|Any CPU
		{DFE57B19-E31B-F6BF-1332-FC486B0DB8AB}.Release|Any CPU.ActiveCfg = Release|Any CPU
		{DFE57B19-E31B-F6BF-1332-FC486B0DB8AB}.Release|Any CPU.Build.0 = Release|Any CPU
		{B3C591DC-336D-8D27-F2D0-CF2E38A4068D}.Debug|Any CPU.ActiveCfg = Debug|Any CPU
		{B3C591DC-336D-8D27-F2D0-CF2E38A4068D}.Debug|Any CPU.Build.0 = Debug|Any CPU
		{B3C591DC-336D-8D27-F2D0-CF2E38A4068D}.Release|Any CPU.ActiveCfg = Release|Any CPU
		{B3C591DC-336D-8D27-F2D0-CF2E38A4068D}.Release|Any CPU.Build.0 = Release|Any CPU
		{EAC38F9F-F831-A6BE-640E-88DC29EAB72D}.Debug|Any CPU.ActiveCfg = Debug|Any CPU
		{EAC38F9F-F831-A6BE-640E-88DC29EAB72D}.Debug|Any CPU.Build.0 = Debug|Any CPU
		{EAC38F9F-F831-A6BE-640E-88DC29EAB72D}.Release|Any CPU.ActiveCfg = Release|Any CPU
		{EAC38F9F-F831-A6BE-640E-88DC29EAB72D}.Release|Any CPU.Build.0 = Release|Any CPU
		{83FE4976-A830-F49C-2186-288CCB49BB48}.Debug|Any CPU.ActiveCfg = Debug|Any CPU
		{83FE4976-A830-F49C-2186-288CCB49BB48}.Debug|Any CPU.Build.0 = Debug|Any CPU
		{83FE4976-A830-F49C-2186-288CCB49BB48}.Release|Any CPU.ActiveCfg = Release|Any CPU
		{83FE4976-A830-F49C-2186-288CCB49BB48}.Release|Any CPU.Build.0 = Release|Any CPU
		{90437904-3498-EAD7-D50B-60FF4F33427D}.Debug|Any CPU.ActiveCfg = Debug|Any CPU
		{90437904-3498-EAD7-D50B-60FF4F33427D}.Debug|Any CPU.Build.0 = Debug|Any CPU
		{90437904-3498-EAD7-D50B-60FF4F33427D}.Release|Any CPU.ActiveCfg = Release|Any CPU
		{90437904-3498-EAD7-D50B-60FF4F33427D}.Release|Any CPU.Build.0 = Release|Any CPU
		{D5E38F20-75B5-5192-3CFA-AC159C0C0EB1}.Debug|Any CPU.ActiveCfg = Debug|Any CPU
		{D5E38F20-75B5-5192-3CFA-AC159C0C0EB1}.Debug|Any CPU.Build.0 = Debug|Any CPU
		{D5E38F20-75B5-5192-3CFA-AC159C0C0EB1}.Release|Any CPU.ActiveCfg = Release|Any CPU
		{D5E38F20-75B5-5192-3CFA-AC159C0C0EB1}.Release|Any CPU.Build.0 = Release|Any CPU
		{278E0DD9-0FCA-B0B0-DBA2-F36A46C04BEE}.Debug|Any CPU.ActiveCfg = Debug|Any CPU
		{278E0DD9-0FCA-B0B0-DBA2-F36A46C04BEE}.Debug|Any CPU.Build.0 = Debug|Any CPU
		{278E0DD9-0FCA-B0B0-DBA2-F36A46C04BEE}.Release|Any CPU.ActiveCfg = Release|Any CPU
		{278E0DD9-0FCA-B0B0-DBA2-F36A46C04BEE}.Release|Any CPU.Build.0 = Release|Any CPU
		{D4ACC7F4-B02F-4772-45B2-6F4D78901536}.Debug|Any CPU.ActiveCfg = Debug|Any CPU
		{D4ACC7F4-B02F-4772-45B2-6F4D78901536}.Debug|Any CPU.Build.0 = Debug|Any CPU
		{D4ACC7F4-B02F-4772-45B2-6F4D78901536}.Release|Any CPU.ActiveCfg = Release|Any CPU
		{D4ACC7F4-B02F-4772-45B2-6F4D78901536}.Release|Any CPU.Build.0 = Release|Any CPU
		{60D914F5-EF1D-5328-0793-5A1445759E26}.Debug|Any CPU.ActiveCfg = Debug|Any CPU
		{60D914F5-EF1D-5328-0793-5A1445759E26}.Debug|Any CPU.Build.0 = Debug|Any CPU
		{60D914F5-EF1D-5328-0793-5A1445759E26}.Release|Any CPU.ActiveCfg = Release|Any CPU
		{60D914F5-EF1D-5328-0793-5A1445759E26}.Release|Any CPU.Build.0 = Release|Any CPU
		{ECE01AAE-6252-956C-0DEF-9894AF7DD0D1}.Debug|Any CPU.ActiveCfg = Debug|Any CPU
		{ECE01AAE-6252-956C-0DEF-9894AF7DD0D1}.Debug|Any CPU.Build.0 = Debug|Any CPU
		{ECE01AAE-6252-956C-0DEF-9894AF7DD0D1}.Release|Any CPU.ActiveCfg = Release|Any CPU
		{ECE01AAE-6252-956C-0DEF-9894AF7DD0D1}.Release|Any CPU.Build.0 = Release|Any CPU
	EndGlobalSection
	GlobalSection(SolutionProperties) = preSolution
		HideSolutionNode = FALSE
	EndGlobalSection
EndGlobal
